
Microsoft Visual Studio Solution File, Format Version 12.00
# Visual Studio Version 17
VisualStudioVersion = 17.0.31903.59
MinimumVisualStudioVersion = 10.0.40219.1
Project("{2150E333-8FDC-42A3-9474-1A3956D46DE8}") = "src", "src", "{827E0CD3-B72D-47B6-A68D-7590B98EB39B}"
EndProject
Project("{FAE04EC0-301F-11D3-BF4B-00C04F79EFBC}") = "GpibUtils.Visa", "src\GpibUtils.Visa\GpibUtils.Visa.csproj", "{A7EB368B-4650-41C8-986F-B4ADB688D10E}"
EndProject
Project("{2150E333-8FDC-42A3-9474-1A3956D46DE8}") = "tests", "tests", "{0AB3BF05-4346-4AA6-1389-037BE0695223}"
EndProject
Project("{FAE04EC0-301F-11D3-BF4B-00C04F79EFBC}") = "GpibUtils.Visa.Tests", "tests\GpibUtils.Visa.Tests\GpibUtils.Visa.Tests.csproj", "{9B1DFFBD-E87F-466D-9EE2-85E1673A3949}"
EndProject
Project("{FAE04EC0-301F-11D3-BF4B-00C04F79EFBC}") = "GpibUtils.Visa.Ni", "src\GpibUtils.Visa.Ni\GpibUtils.Visa.Ni.csproj", "{63825E65-DDDA-4695-BCEF-BDA93B6C817C}"
EndProject
Project("{FAE04EC0-301F-11D3-BF4B-00C04F79EFBC}") = "GpibUtils.Common", "src\GpibUtils.Common\GpibUtils.Common.csproj", "{AB947502-15C1-4672-843D-4B0BA5F6917B}"
EndProject
Project("{FAE04EC0-301F-11D3-BF4B-00C04F79EFBC}") = "GpibUtils.Console", "src\GpibUtils.Console\GpibUtils.Console.csproj", "{036951F3-9BE7-4D36-A740-FF24C1860123}"
EndProject
Project("{FAE04EC0-301F-11D3-BF4B-00C04F79EFBC}") = "GpibUtils.Common.Tests", "tests\GpibUtils.Common.Tests\GpibUtils.Common.Tests.csproj", "{4446A210-EE41-49AD-875E-F7503AE7795A}"
EndProject
Global
	GlobalSection(SolutionConfigurationPlatforms) = preSolution
		Debug|Any CPU = Debug|Any CPU
		Debug|x64 = Debug|x64
		Debug|x86 = Debug|x86
		Release|Any CPU = Release|Any CPU
		Release|x64 = Release|x64
		Release|x86 = Release|x86
	EndGlobalSection
	GlobalSection(ProjectConfigurationPlatforms) = postSolution
		{A7EB368B-4650-41C8-986F-B4ADB688D10E}.Debug|Any CPU.ActiveCfg = Debug|Any CPU
		{A7EB368B-4650-41C8-986F-B4ADB688D10E}.Debug|Any CPU.Build.0 = Debug|Any CPU
		{A7EB368B-4650-41C8-986F-B4ADB688D10E}.Debug|x64.ActiveCfg = Debug|Any CPU
		{A7EB368B-4650-41C8-986F-B4ADB688D10E}.Debug|x64.Build.0 = Debug|Any CPU
		{A7EB368B-4650-41C8-986F-B4ADB688D10E}.Debug|x86.ActiveCfg = Debug|Any CPU
		{A7EB368B-4650-41C8-986F-B4ADB688D10E}.Debug|x86.Build.0 = Debug|Any CPU
		{A7EB368B-4650-41C8-986F-B4ADB688D10E}.Release|Any CPU.ActiveCfg = Release|Any CPU
		{A7EB368B-4650-41C8-986F-B4ADB688D10E}.Release|Any CPU.Build.0 = Release|Any CPU
		{A7EB368B-4650-41C8-986F-B4ADB688D10E}.Release|x64.ActiveCfg = Release|Any CPU
		{A7EB368B-4650-41C8-986F-B4ADB688D10E}.Release|x64.Build.0 = Release|Any CPU
		{A7EB368B-4650-41C8-986F-B4ADB688D10E}.Release|x86.ActiveCfg = Release|Any CPU
		{A7EB368B-4650-41C8-986F-B4ADB688D10E}.Release|x86.Build.0 = Release|Any CPU
		{9B1DFFBD-E87F-466D-9EE2-85E1673A3949}.Debug|Any CPU.ActiveCfg = Debug|Any CPU
		{9B1DFFBD-E87F-466D-9EE2-85E1673A3949}.Debug|Any CPU.Build.0 = Debug|Any CPU
		{9B1DFFBD-E87F-466D-9EE2-85E1673A3949}.Debug|x64.ActiveCfg = Debug|Any CPU
		{9B1DFFBD-E87F-466D-9EE2-85E1673A3949}.Debug|x64.Build.0 = Debug|Any CPU
		{9B1DFFBD-E87F-466D-9EE2-85E1673A3949}.Debug|x86.ActiveCfg = Debug|Any CPU
		{9B1DFFBD-E87F-466D-9EE2-85E1673A3949}.Debug|x86.Build.0 = Debug|Any CPU
		{9B1DFFBD-E87F-466D-9EE2-85E1673A3949}.Release|Any CPU.ActiveCfg = Release|Any CPU
		{9B1DFFBD-E87F-466D-9EE2-85E1673A3949}.Release|Any CPU.Build.0 = Release|Any CPU
		{9B1DFFBD-E87F-466D-9EE2-85E1673A3949}.Release|x64.ActiveCfg = Release|Any CPU
		{9B1DFFBD-E87F-466D-9EE2-85E1673A3949}.Release|x64.Build.0 = Release|Any CPU
		{9B1DFFBD-E87F-466D-9EE2-85E1673A3949}.Release|x86.ActiveCfg = Release|Any CPU
		{9B1DFFBD-E87F-466D-9EE2-85E1673A3949}.Release|x86.Build.0 = Release|Any CPU
		{63825E65-DDDA-4695-BCEF-BDA93B6C817C}.Debug|Any CPU.ActiveCfg = Debug|Any CPU
		{63825E65-DDDA-4695-BCEF-BDA93B6C817C}.Debug|Any CPU.Build.0 = Debug|Any CPU
		{63825E65-DDDA-4695-BCEF-BDA93B6C817C}.Debug|x64.ActiveCfg = Debug|Any CPU
		{63825E65-DDDA-4695-BCEF-BDA93B6C817C}.Debug|x64.Build.0 = Debug|Any CPU
		{63825E65-DDDA-4695-BCEF-BDA93B6C817C}.Debug|x86.ActiveCfg = Debug|Any CPU
		{63825E65-DDDA-4695-BCEF-BDA93B6C817C}.Debug|x86.Build.0 = Debug|Any CPU
		{63825E65-DDDA-4695-BCEF-BDA93B6C817C}.Release|Any CPU.ActiveCfg = Release|Any CPU
		{63825E65-DDDA-4695-BCEF-BDA93B6C817C}.Release|Any CPU.Build.0 = Release|Any CPU
		{63825E65-DDDA-4695-BCEF-BDA93B6C817C}.Release|x64.ActiveCfg = Release|Any CPU
		{63825E65-DDDA-4695-BCEF-BDA93B6C817C}.Release|x64.Build.0 = Release|Any CPU
		{63825E65-DDDA-4695-BCEF-BDA93B6C817C}.Release|x86.ActiveCfg = Release|Any CPU
		{63825E65-DDDA-4695-BCEF-BDA93B6C817C}.Release|x86.Build.0 = Release|Any CPU
		{AB947502-15C1-4672-843D-4B0BA5F6917B}.Debug|Any CPU.ActiveCfg = Debug|Any CPU
		{AB947502-15C1-4672-843D-4B0BA5F6917B}.Debug|Any CPU.Build.0 = Debug|Any CPU
		{AB947502-15C1-4672-843D-4B0BA5F6917B}.Debug|x64.ActiveCfg = Debug|Any CPU
		{AB947502-15C1-4672-843D-4B0BA5F6917B}.Debug|x64.Build.0 = Debug|Any CPU
		{AB947502-15C1-4672-843D-4B0BA5F6917B}.Debug|x86.ActiveCfg = Debug|Any CPU
		{AB947502-15C1-4672-843D-4B0BA5F6917B}.Debug|x86.Build.0 = Debug|Any CPU
		{AB947502-15C1-4672-843D-4B0BA5F6917B}.Release|Any CPU.ActiveCfg = Release|Any CPU
		{AB947502-15C1-4672-843D-4B0BA5F6917B}.Release|Any CPU.Build.0 = Release|Any CPU
		{AB947502-15C1-4672-843D-4B0BA5F6917B}.Release|x64.ActiveCfg = Release|Any CPU
		{AB947502-15C1-4672-843D-4B0BA5F6917B}.Release|x64.Build.0 = Release|Any CPU
		{AB947502-15C1-4672-843D-4B0BA5F6917B}.Release|x86.ActiveCfg = Release|Any CPU
		{AB947502-15C1-4672-843D-4B0BA5F6917B}.Release|x86.Build.0 = Release|Any CPU
		{036951F3-9BE7-4D36-A740-FF24C1860123}.Debug|Any CPU.ActiveCfg = Debug|Any CPU
		{036951F3-9BE7-4D36-A740-FF24C1860123}.Debug|Any CPU.Build.0 = Debug|Any CPU
		{036951F3-9BE7-4D36-A740-FF24C1860123}.Debug|x64.ActiveCfg = Debug|Any CPU
		{036951F3-9BE7-4D36-A740-FF24C1860123}.Debug|x64.Build.0 = Debug|Any CPU
		{036951F3-9BE7-4D36-A740-FF24C1860123}.Debug|x86.ActiveCfg = Debug|Any CPU
		{036951F3-9BE7-4D36-A740-FF24C1860123}.Debug|x86.Build.0 = Debug|Any CPU
		{036951F3-9BE7-4D36-A740-FF24C1860123}.Release|Any CPU.ActiveCfg = Release|Any CPU
		{036951F3-9BE7-4D36-A740-FF24C1860123}.Release|Any CPU.Build.0 = Release|Any CPU
		{036951F3-9BE7-4D36-A740-FF24C1860123}.Release|x64.ActiveCfg = Release|Any CPU
		{036951F3-9BE7-4D36-A740-FF24C1860123}.Release|x64.Build.0 = Release|Any CPU
		{036951F3-9BE7-4D36-A740-FF24C1860123}.Release|x86.ActiveCfg = Release|Any CPU
		{036951F3-9BE7-4D36-A740-FF24C1860123}.Release|x86.Build.0 = Release|Any CPU
		{4446A210-EE41-49AD-875E-F7503AE7795A}.Debug|Any CPU.ActiveCfg = Debug|Any CPU
		{4446A210-EE41-49AD-875E-F7503AE7795A}.Debug|Any CPU.Build.0 = Debug|Any CPU
		{4446A210-EE41-49AD-875E-F7503AE7795A}.Debug|x64.ActiveCfg = Debug|Any CPU
		{4446A210-EE41-49AD-875E-F7503AE7795A}.Debug|x64.Build.0 = Debug|Any CPU
		{4446A210-EE41-49AD-875E-F7503AE7795A}.Debug|x86.ActiveCfg = Debug|Any CPU
		{4446A210-EE41-49AD-875E-F7503AE7795A}.Debug|x86.Build.0 = Debug|Any CPU
		{4446A210-EE41-49AD-875E-F7503AE7795A}.Release|Any CPU.ActiveCfg = Release|Any CPU
		{4446A210-EE41-49AD-875E-F7503AE7795A}.Release|Any CPU.Build.0 = Release|Any CPU
		{4446A210-EE41-49AD-875E-F7503AE7795A}.Release|x64.ActiveCfg = Release|Any CPU
		{4446A210-EE41-49AD-875E-F7503AE7795A}.Release|x64.Build.0 = Release|Any CPU
		{4446A210-EE41-49AD-875E-F7503AE7795A}.Release|x86.ActiveCfg = Release|Any CPU
		{4446A210-EE41-49AD-875E-F7503AE7795A}.Release|x86.Build.0 = Release|Any CPU
	EndGlobalSection
	GlobalSection(SolutionProperties) = preSolution
		HideSolutionNode = FALSE
	EndGlobalSection
	GlobalSection(NestedProjects) = preSolution
		{A7EB368B-4650-41C8-986F-B4ADB688D10E} = {827E0CD3-B72D-47B6-A68D-7590B98EB39B}
		{9B1DFFBD-E87F-466D-9EE2-85E1673A3949} = {0AB3BF05-4346-4AA6-1389-037BE0695223}
		{63825E65-DDDA-4695-BCEF-BDA93B6C817C} = {827E0CD3-B72D-47B6-A68D-7590B98EB39B}
		{AB947502-15C1-4672-843D-4B0BA5F6917B} = {827E0CD3-B72D-47B6-A68D-7590B98EB39B}
		{036951F3-9BE7-4D36-A740-FF24C1860123} = {827E0CD3-B72D-47B6-A68D-7590B98EB39B}
		{4446A210-EE41-49AD-875E-F7503AE7795A} = {0AB3BF05-4346-4AA6-1389-037BE0695223}
	EndGlobalSection
EndGlobal
