
Microsoft Visual Studio Solution File, Format Version 12.00
# Visual Studio Version 17
VisualStudioVersion = 17.0.31903.59
MinimumVisualStudioVersion = 10.0.40219.1
Project("{2150E333-8FDC-42A3-9474-1A3956D46DE8}") = "src", "src", "{827E0CD3-B72D-47B6-A68D-7590B98EB39B}"
EndProject
Project("{FAE04EC0-301F-11D3-BF4B-00C04F79EFBC}") = "GpibUtils.Visa", "src\GpibUtils.Visa\GpibUtils.Visa.csproj", "{A7EB368B-4650-41C8-986F-B4ADB688D10E}"
EndProject
Project("{2150E333-8FDC-42A3-9474-1A3956D46DE8}") = "tests", "tests", "{0AB3BF05-4346-4AA6-1389-037BE0695223}"
EndProject
Project("{FAE04EC0-301F-11D3-BF4B-00C04F79EFBC}") = "GpibUtils.Visa.Tests", "tests\GpibUtils.Visa.Tests\GpibUtils.Visa.Tests.csproj", "{9B1DFFBD-E87F-466D-9EE2-85E1673A3949}"
EndProject
Project("{FAE04EC0-301F-11D3-BF4B-00C04F79EFBC}") = "GpibUtils.Visa.Ni", "src\GpibUtils.Visa.Ni\GpibUtils.Visa.Ni.csproj", "{63825E65-DDDA-4695-BCEF-BDA93B6C817C}"
EndProject
Project("{FAE04EC0-301F-11D3-BF4B-00C04F79EFBC}") = "GpibUtils.Common", "src\GpibUtils.Common\GpibUtils.Common.csproj", "{AB947502-15C1-4672-843D-4B0BA5F6917B}"
EndProject
Project("{FAE04EC0-301F-11D3-BF4B-00C04F79EFBC}") = "GpibUtils.Console", "src\GpibUtils.Console\GpibUtils.Console.csproj", "{036951F3-9BE7-4D36-A740-FF24C1860123}"
EndProject
Project("{FAE04EC0-301F-11D3-BF4B-00C04F79EFBC}") = "GpibUtils.Common.Tests", "tests\GpibUtils.Common.Tests\GpibUtils.Common.Tests.csproj", "{4446A210-EE41-49AD-875E-F7503AE7795A}"
EndProject
Project("{FAE04EC0-301F-11D3-BF4B-00C04F79EFBC}") = "GpibUtils.Instruments.Switches", "src\GpibUtils.Instruments.Switches\GpibUtils.Instruments.Switches.csproj", "{6B2548B6-913E-4CB6-A544-4FA19DEA1DB7}"
EndProject
Project("{FAE04EC0-301F-11D3-BF4B-00C04F79EFBC}") = "GpibUtils.Instruments.Switches.Tests", "tests\GpibUtils.Instruments.Switches.Tests\GpibUtils.Instruments.Switches.Tests.csproj", "{95C9EB08-2028-4716-9CE8-6E61F0DBF65A}"
EndProject
Project("{FAE04EC0-301F-11D3-BF4B-00C04F79EFBC}") = "GpibUtils.Instruments.SignalSources", "src\GpibUtils.Instruments.SignalSources\GpibUtils.Instruments.SignalSources.csproj", "{EA94693A-261A-4051-9012-F0875C46A0E8}"
EndProject
Project("{FAE04EC0-301F-11D3-BF4B-00C04F79EFBC}") = "GpibUtils.Instruments.SignalSources.Tests", "tests\GpibUtils.Instruments.SignalSources.Tests\GpibUtils.Instruments.SignalSources.Tests.csproj", "{58973F34-9FFA-467B-A2A7-E0C7E17972B2}"
EndProject
Project("{FAE04EC0-301F-11D3-BF4B-00C04F79EFBC}") = "GpibUtils.Wpf", "src\GpibUtils.Wpf\GpibUtils.Wpf.csproj", "{B42EED53-C299-4478-989C-C7D28056D915}"
EndProject
Project("{FAE04EC0-301F-11D3-BF4B-00C04F79EFBC}") = "GpibUtils.Hpgl", "src\GpibUtils.Hpgl\GpibUtils.Hpgl.csproj", "{92F560A2-845C-4345-8941-ED9C4107EEBF}"
EndProject
Project("{FAE04EC0-301F-11D3-BF4B-00C04F79EFBC}") = "GpibUtils.Mcp", "src\GpibUtils.Mcp\GpibUtils.Mcp.csproj", "{C4742F17-32D5-4EA4-A665-B2C0E5074018}"
EndProject
Project("{FAE04EC0-301F-11D3-BF4B-00C04F79EFBC}") = "GpibUtils.Wpf.Tests", "tests\GpibUtils.Wpf.Tests\GpibUtils.Wpf.Tests.csproj", "{D68BFBD3-C090-48BF-B73E-104B65AB2081}"
EndProject
Project("{FAE04EC0-301F-11D3-BF4B-00C04F79EFBC}") = "GpibUtils.Instruments.Meters", "src\GpibUtils.Instruments.Meters\GpibUtils.Instruments.Meters.csproj", "{0AE6985D-D77A-46AE-86CF-79138FF08553}"
EndProject
Project("{FAE04EC0-301F-11D3-BF4B-00C04F79EFBC}") = "GpibUtils.Instruments.Meters.Tests", "tests\GpibUtils.Instruments.Meters.Tests\GpibUtils.Instruments.Meters.Tests.csproj", "{A6C7F22E-5A98-411D-9862-437A02B91059}"
EndProject
Project("{FAE04EC0-301F-11D3-BF4B-00C04F79EFBC}") = "GpibUtils.Instruments.Counters", "src\GpibUtils.Instruments.Counters\GpibUtils.Instruments.Counters.csproj", "{E962A031-2BD2-4310-9C7A-04F611E0D195}"
EndProject
Project("{FAE04EC0-301F-11D3-BF4B-00C04F79EFBC}") = "GpibUtils.Instruments.Counters.Tests", "tests\GpibUtils.Instruments.Counters.Tests\GpibUtils.Instruments.Counters.Tests.csproj", "{78DE1B41-0213-49AB-B4A5-C2B54AF86D18}"
EndProject
Project("{FAE04EC0-301F-11D3-BF4B-00C04F79EFBC}") = "GpibUtils.Instruments.PowerSupplies", "src\GpibUtils.Instruments.PowerSupplies\GpibUtils.Instruments.PowerSupplies.csproj", "{37C7B37B-C034-4029-8E7B-00BCAD0458E2}"
EndProject
Project("{FAE04EC0-301F-11D3-BF4B-00C04F79EFBC}") = "GpibUtils.Instruments.PowerSupplies.Tests", "tests\GpibUtils.Instruments.PowerSupplies.Tests\GpibUtils.Instruments.PowerSupplies.Tests.csproj", "{38118C7F-8086-4AB3-B6A1-898E1A87F332}"
EndProject
Project("{FAE04EC0-301F-11D3-BF4B-00C04F79EFBC}") = "GpibUtils.Instruments.Scopes", "src\GpibUtils.Instruments.Scopes\GpibUtils.Instruments.Scopes.csproj", "{56F85C06-0122-4AA9-BBD2-EB6DD713AC97}"
EndProject
Project("{FAE04EC0-301F-11D3-BF4B-00C04F79EFBC}") = "GpibUtils.Instruments.Scopes.Tests", "tests\GpibUtils.Instruments.Scopes.Tests\GpibUtils.Instruments.Scopes.Tests.csproj", "{699C7961-6D9E-4AFA-B584-9069D557E30A}"
EndProject
Project("{FAE04EC0-301F-11D3-BF4B-00C04F79EFBC}") = "GpibUtils.Instruments.Calibrators", "src\GpibUtils.Instruments.Calibrators\GpibUtils.Instruments.Calibrators.csproj", "{1CE8502E-1F94-4BCD-B379-A3C88A7696A0}"
EndProject
Project("{FAE04EC0-301F-11D3-BF4B-00C04F79EFBC}") = "GpibUtils.Instruments.Calibrators.Tests", "tests\GpibUtils.Instruments.Calibrators.Tests\GpibUtils.Instruments.Calibrators.Tests.csproj", "{20DFA3C2-2469-4D35-AA9E-DEC893AC0469}"
EndProject
Project("{FAE04EC0-301F-11D3-BF4B-00C04F79EFBC}") = "GpibUtils.Instruments.Analyzers", "src\GpibUtils.Instruments.Analyzers\GpibUtils.Instruments.Analyzers.csproj", "{77471299-BB46-4408-A651-B00247B1EC72}"
EndProject
Project("{FAE04EC0-301F-11D3-BF4B-00C04F79EFBC}") = "GpibUtils.Instruments.Analyzers.Tests", "tests\GpibUtils.Instruments.Analyzers.Tests\GpibUtils.Instruments.Analyzers.Tests.csproj", "{8122E1D0-461E-47B1-BF6A-00DE7468A2E1}"
EndProject
Project("{FAE04EC0-301F-11D3-BF4B-00C04F79EFBC}") = "GpibUtils.Hpgl.Tests", "tests\GpibUtils.Hpgl.Tests\GpibUtils.Hpgl.Tests.csproj", "{6EA83836-A9FC-4FCB-963C-D98DFE72F6C0}"
EndProject
Global
	GlobalSection(SolutionConfigurationPlatforms) = preSolution
		Debug|Any CPU = Debug|Any CPU
		Debug|x64 = Debug|x64
		Debug|x86 = Debug|x86
		Release|Any CPU = Release|Any CPU
		Release|x64 = Release|x64
		Release|x86 = Release|x86
	EndGlobalSection
	GlobalSection(ProjectConfigurationPlatforms) = postSolution
		{A7EB368B-4650-41C8-986F-B4ADB688D10E}.Debug|Any CPU.ActiveCfg = Debug|Any CPU
		{A7EB368B-4650-41C8-986F-B4ADB688D10E}.Debug|Any CPU.Build.0 = Debug|Any CPU
		{A7EB368B-4650-41C8-986F-B4ADB688D10E}.Debug|x64.ActiveCfg = Debug|Any CPU
		{A7EB368B-4650-41C8-986F-B4ADB688D10E}.Debug|x64.Build.0 = Debug|Any CPU
		{A7EB368B-4650-41C8-986F-B4ADB688D10E}.Debug|x86.ActiveCfg = Debug|Any CPU
		{A7EB368B-4650-41C8-986F-B4ADB688D10E}.Debug|x86.Build.0 = Debug|Any CPU
		{A7EB368B-4650-41C8-986F-B4ADB688D10E}.Release|Any CPU.ActiveCfg = Release|Any CPU
		{A7EB368B-4650-41C8-986F-B4ADB688D10E}.Release|Any CPU.Build.0 = Release|Any CPU
		{A7EB368B-4650-41C8-986F-B4ADB688D10E}.Release|x64.ActiveCfg = Release|Any CPU
		{A7EB368B-4650-41C8-986F-B4ADB688D10E}.Release|x64.Build.0 = Release|Any CPU
		{A7EB368B-4650-41C8-986F-B4ADB688D10E}.Release|x86.ActiveCfg = Release|Any CPU
		{A7EB368B-4650-41C8-986F-B4ADB688D10E}.Release|x86.Build.0 = Release|Any CPU
		{9B1DFFBD-E87F-466D-9EE2-85E1673A3949}.Debug|Any CPU.ActiveCfg = Debug|Any CPU
		{9B1DFFBD-E87F-466D-9EE2-85E1673A3949}.Debug|Any CPU.Build.0 = Debug|Any CPU
		{9B1DFFBD-E87F-466D-9EE2-85E1673A3949}.Debug|x64.ActiveCfg = Debug|Any CPU
		{9B1DFFBD-E87F-466D-9EE2-85E1673A3949}.Debug|x64.Build.0 = Debug|Any CPU
		{9B1DFFBD-E87F-466D-9EE2-85E1673A3949}.Debug|x86.ActiveCfg = Debug|Any CPU
		{9B1DFFBD-E87F-466D-9EE2-85E1673A3949}.Debug|x86.Build.0 = Debug|Any CPU
		{9B1DFFBD-E87F-466D-9EE2-85E1673A3949}.Release|Any CPU.ActiveCfg = Release|Any CPU
		{9B1DFFBD-E87F-466D-9EE2-85E1673A3949}.Release|Any CPU.Build.0 = Release|Any CPU
		{9B1DFFBD-E87F-466D-9EE2-85E1673A3949}.Release|x64.ActiveCfg = Release|Any CPU
		{9B1DFFBD-E87F-466D-9EE2-85E1673A3949}.Release|x64.Build.0 = Release|Any CPU
		{9B1DFFBD-E87F-466D-9EE2-85E1673A3949}.Release|x86.ActiveCfg = Release|Any CPU
		{9B1DFFBD-E87F-466D-9EE2-85E1673A3949}.Release|x86.Build.0 = Release|Any CPU
		{63825E65-DDDA-4695-BCEF-BDA93B6C817C}.Debug|Any CPU.ActiveCfg = Debug|Any CPU
		{63825E65-DDDA-4695-BCEF-BDA93B6C817C}.Debug|Any CPU.Build.0 = Debug|Any CPU
		{63825E65-DDDA-4695-BCEF-BDA93B6C817C}.Debug|x64.ActiveCfg = Debug|Any CPU
		{63825E65-DDDA-4695-BCEF-BDA93B6C817C}.Debug|x64.Build.0 = Debug|Any CPU
		{63825E65-DDDA-4695-BCEF-BDA93B6C817C}.Debug|x86.ActiveCfg = Debug|Any CPU
		{63825E65-DDDA-4695-BCEF-BDA93B6C817C}.Debug|x86.Build.0 = Debug|Any CPU
		{63825E65-DDDA-4695-BCEF-BDA93B6C817C}.Release|Any CPU.ActiveCfg = Release|Any CPU
		{63825E65-DDDA-4695-BCEF-BDA93B6C817C}.Release|Any CPU.Build.0 = Release|Any CPU
		{63825E65-DDDA-4695-BCEF-BDA93B6C817C}.Release|x64.ActiveCfg = Release|Any CPU
		{63825E65-DDDA-4695-BCEF-BDA93B6C817C}.Release|x64.Build.0 = Release|Any CPU
		{63825E65-DDDA-4695-BCEF-BDA93B6C817C}.Release|x86.ActiveCfg = Release|Any CPU
		{63825E65-DDDA-4695-BCEF-BDA93B6C817C}.Release|x86.Build.0 = Release|Any CPU
		{AB947502-15C1-4672-843D-4B0BA5F6917B}.Debug|Any CPU.ActiveCfg = Debug|Any CPU
		{AB947502-15C1-4672-843D-4B0BA5F6917B}.Debug|Any CPU.Build.0 = Debug|Any CPU
		{AB947502-15C1-4672-843D-4B0BA5F6917B}.Debug|x64.ActiveCfg = Debug|Any CPU
		{AB947502-15C1-4672-843D-4B0BA5F6917B}.Debug|x64.Build.0 = Debug|Any CPU
		{AB947502-15C1-4672-843D-4B0BA5F6917B}.Debug|x86.ActiveCfg = Debug|Any CPU
		{AB947502-15C1-4672-843D-4B0BA5F6917B}.Debug|x86.Build.0 = Debug|Any CPU
		{AB947502-15C1-4672-843D-4B0BA5F6917B}.Release|Any CPU.ActiveCfg = Release|Any CPU
		{AB947502-15C1-4672-843D-4B0BA5F6917B}.Release|Any CPU.Build.0 = Release|Any CPU
		{AB947502-15C1-4672-843D-4B0BA5F6917B}.Release|x64.ActiveCfg = Release|Any CPU
		{AB947502-15C1-4672-843D-4B0BA5F6917B}.Release|x64.Build.0 = Release|Any CPU
		{AB947502-15C1-4672-843D-4B0BA5F6917B}.Release|x86.ActiveCfg = Release|Any CPU
		{AB947502-15C1-4672-843D-4B0BA5F6917B}.Release|x86.Build.0 = Release|Any CPU
		{036951F3-9BE7-4D36-A740-FF24C1860123}.Debug|Any CPU.ActiveCfg = Debug|Any CPU
		{036951F3-9BE7-4D36-A740-FF24C1860123}.Debug|Any CPU.Build.0 = Debug|Any CPU
		{036951F3-9BE7-4D36-A740-FF24C1860123}.Debug|x64.ActiveCfg = Debug|Any CPU
		{036951F3-9BE7-4D36-A740-FF24C1860123}.Debug|x64.Build.0 = Debug|Any CPU
		{036951F3-9BE7-4D36-A740-FF24C1860123}.Debug|x86.ActiveCfg = Debug|Any CPU
		{036951F3-9BE7-4D36-A740-FF24C1860123}.Debug|x86.Build.0 = Debug|Any CPU
		{036951F3-9BE7-4D36-A740-FF24C1860123}.Release|Any CPU.ActiveCfg = Release|Any CPU
		{036951F3-9BE7-4D36-A740-FF24C1860123}.Release|Any CPU.Build.0 = Release|Any CPU
		{036951F3-9BE7-4D36-A740-FF24C1860123}.Release|x64.ActiveCfg = Release|Any CPU
		{036951F3-9BE7-4D36-A740-FF24C1860123}.Release|x64.Build.0 = Release|Any CPU
		{036951F3-9BE7-4D36-A740-FF24C1860123}.Release|x86.ActiveCfg = Release|Any CPU
		{036951F3-9BE7-4D36-A740-FF24C1860123}.Release|x86.Build.0 = Release|Any CPU
		{4446A210-EE41-49AD-875E-F7503AE7795A}.Debug|Any CPU.ActiveCfg = Debug|Any CPU
		{4446A210-EE41-49AD-875E-F7503AE7795A}.Debug|Any CPU.Build.0 = Debug|Any CPU
		{4446A210-EE41-49AD-875E-F7503AE7795A}.Debug|x64.ActiveCfg = Debug|Any CPU
		{4446A210-EE41-49AD-875E-F7503AE7795A}.Debug|x64.Build.0 = Debug|Any CPU
		{4446A210-EE41-49AD-875E-F7503AE7795A}.Debug|x86.ActiveCfg = Debug|Any CPU
		{4446A210-EE41-49AD-875E-F7503AE7795A}.Debug|x86.Build.0 = Debug|Any CPU
		{4446A210-EE41-49AD-875E-F7503AE7795A}.Release|Any CPU.ActiveCfg = Release|Any CPU
		{4446A210-EE41-49AD-875E-F7503AE7795A}.Release|Any CPU.Build.0 = Release|Any CPU
		{4446A210-EE41-49AD-875E-F7503AE7795A}.Release|x64.ActiveCfg = Release|Any CPU
		{4446A210-EE41-49AD-875E-F7503AE7795A}.Release|x64.Build.0 = Release|Any CPU
		{4446A210-EE41-49AD-875E-F7503AE7795A}.Release|x86.ActiveCfg = Release|Any CPU
		{4446A210-EE41-49AD-875E-F7503AE7795A}.Release|x86.Build.0 = Release|Any CPU
		{6B2548B6-913E-4CB6-A544-4FA19DEA1DB7}.Debug|Any CPU.ActiveCfg = Debug|Any CPU
		{6B2548B6-913E-4CB6-A544-4FA19DEA1DB7}.Debug|Any CPU.Build.0 = Debug|Any CPU
		{6B2548B6-913E-4CB6-A544-4FA19DEA1DB7}.Debug|x64.ActiveCfg = Debug|Any CPU
		{6B2548B6-913E-4CB6-A544-4FA19DEA1DB7}.Debug|x64.Build.0 = Debug|Any CPU
		{6B2548B6-913E-4CB6-A544-4FA19DEA1DB7}.Debug|x86.ActiveCfg = Debug|Any CPU
		{6B2548B6-913E-4CB6-A544-4FA19DEA1DB7}.Debug|x86.Build.0 = Debug|Any CPU
		{6B2548B6-913E-4CB6-A544-4FA19DEA1DB7}.Release|Any CPU.ActiveCfg = Release|Any CPU
		{6B2548B6-913E-4CB6-A544-4FA19DEA1DB7}.Release|Any CPU.Build.0 = Release|Any CPU
		{6B2548B6-913E-4CB6-A544-4FA19DEA1DB7}.Release|x64.ActiveCfg = Release|Any CPU
		{6B2548B6-913E-4CB6-A544-4FA19DEA1DB7}.Release|x64.Build.0 = Release|Any CPU
		{6B2548B6-913E-4CB6-A544-4FA19DEA1DB7}.Release|x86.ActiveCfg = Release|Any CPU
		{6B2548B6-913E-4CB6-A544-4FA19DEA1DB7}.Release|x86.Build.0 = Release|Any CPU
		{95C9EB08-2028-4716-9CE8-6E61F0DBF65A}.Debug|Any CPU.ActiveCfg = Debug|Any CPU
		{95C9EB08-2028-4716-9CE8-6E61F0DBF65A}.Debug|Any CPU.Build.0 = Debug|Any CPU
		{95C9EB08-2028-4716-9CE8-6E61F0DBF65A}.Debug|x64.ActiveCfg = Debug|Any CPU
		{95C9EB08-2028-4716-9CE8-6E61F0DBF65A}.Debug|x64.Build.0 = Debug|Any CPU
		{95C9EB08-2028-4716-9CE8-6E61F0DBF65A}.Debug|x86.ActiveCfg = Debug|Any CPU
		{95C9EB08-2028-4716-9CE8-6E61F0DBF65A}.Debug|x86.Build.0 = Debug|Any CPU
		{95C9EB08-2028-4716-9CE8-6E61F0DBF65A}.Release|Any CPU.ActiveCfg = Release|Any CPU
		{95C9EB08-2028-4716-9CE8-6E61F0DBF65A}.Release|Any CPU.Build.0 = Release|Any CPU
		{95C9EB08-2028-4716-9CE8-6E61F0DBF65A}.Release|x64.ActiveCfg = Release|Any CPU
		{95C9EB08-2028-4716-9CE8-6E61F0DBF65A}.Release|x64.Build.0 = Release|Any CPU
		{95C9EB08-2028-4716-9CE8-6E61F0DBF65A}.Release|x86.ActiveCfg = Release|Any CPU
		{95C9EB08-2028-4716-9CE8-6E61F0DBF65A}.Release|x86.Build.0 = Release|Any CPU
		{EA94693A-261A-4051-9012-F0875C46A0E8}.Debug|Any CPU.ActiveCfg = Debug|Any CPU
		{EA94693A-261A-4051-9012-F0875C46A0E8}.Debug|Any CPU.Build.0 = Debug|Any CPU
		{EA94693A-261A-4051-9012-F0875C46A0E8}.Debug|x64.ActiveCfg = Debug|Any CPU
		{EA94693A-261A-4051-9012-F0875C46A0E8}.Debug|x64.Build.0 = Debug|Any CPU
		{EA94693A-261A-4051-9012-F0875C46A0E8}.Debug|x86.ActiveCfg = Debug|Any CPU
		{EA94693A-261A-4051-9012-F0875C46A0E8}.Debug|x86.Build.0 = Debug|Any CPU
		{EA94693A-261A-4051-9012-F0875C46A0E8}.Release|Any CPU.ActiveCfg = Release|Any CPU
		{EA94693A-261A-4051-9012-F0875C46A0E8}.Release|Any CPU.Build.0 = Release|Any CPU
		{EA94693A-261A-4051-9012-F0875C46A0E8}.Release|x64.ActiveCfg = Release|Any CPU
		{EA94693A-261A-4051-9012-F0875C46A0E8}.Release|x64.Build.0 = Release|Any CPU
		{EA94693A-261A-4051-9012-F0875C46A0E8}.Release|x86.ActiveCfg = Release|Any CPU
		{EA94693A-261A-4051-9012-F0875C46A0E8}.Release|x86.Build.0 = Release|Any CPU
		{58973F34-9FFA-467B-A2A7-E0C7E17972B2}.Debug|Any CPU.ActiveCfg = Debug|Any CPU
		{58973F34-9FFA-467B-A2A7-E0C7E17972B2}.Debug|Any CPU.Build.0 = Debug|Any CPU
		{58973F34-9FFA-467B-A2A7-E0C7E17972B2}.Debug|x64.ActiveCfg = Debug|Any CPU
		{58973F34-9FFA-467B-A2A7-E0C7E17972B2}.Debug|x64.Build.0 = Debug|Any CPU
		{58973F34-9FFA-467B-A2A7-E0C7E17972B2}.Debug|x86.ActiveCfg = Debug|Any CPU
		{58973F34-9FFA-467B-A2A7-E0C7E17972B2}.Debug|x86.Build.0 = Debug|Any CPU
		{58973F34-9FFA-467B-A2A7-E0C7E17972B2}.Release|Any CPU.ActiveCfg = Release|Any CPU
		{58973F34-9FFA-467B-A2A7-E0C7E17972B2}.Release|Any CPU.Build.0 = Release|Any CPU
		{58973F34-9FFA-467B-A2A7-E0C7E17972B2}.Release|x64.ActiveCfg = Release|Any CPU
		{58973F34-9FFA-467B-A2A7-E0C7E17972B2}.Release|x64.Build.0 = Release|Any CPU
		{58973F34-9FFA-467B-A2A7-E0C7E17972B2}.Release|x86.ActiveCfg = Release|Any CPU
		{58973F34-9FFA-467B-A2A7-E0C7E17972B2}.Release|x86.Build.0 = Release|Any CPU
		{B42EED53-C299-4478-989C-C7D28056D915}.Debug|Any CPU.ActiveCfg = Debug|Any CPU
		{B42EED53-C299-4478-989C-C7D28056D915}.Debug|Any CPU.Build.0 = Debug|Any CPU
		{B42EED53-C299-4478-989C-C7D28056D915}.Debug|x64.ActiveCfg = Debug|Any CPU
		{B42EED53-C299-4478-989C-C7D28056D915}.Debug|x64.Build.0 = Debug|Any CPU
		{B42EED53-C299-4478-989C-C7D28056D915}.Debug|x86.ActiveCfg = Debug|Any CPU
		{B42EED53-C299-4478-989C-C7D28056D915}.Debug|x86.Build.0 = Debug|Any CPU
		{B42EED53-C299-4478-989C-C7D28056D915}.Release|Any CPU.ActiveCfg = Release|Any CPU
		{B42EED53-C299-4478-989C-C7D28056D915}.Release|Any CPU.Build.0 = Release|Any CPU
		{B42EED53-C299-4478-989C-C7D28056D915}.Release|x64.ActiveCfg = Release|Any CPU
		{B42EED53-C299-4478-989C-C7D28056D915}.Release|x64.Build.0 = Release|Any CPU
		{B42EED53-C299-4478-989C-C7D28056D915}.Release|x86.ActiveCfg = Release|Any CPU
		{B42EED53-C299-4478-989C-C7D28056D915}.Release|x86.Build.0 = Release|Any CPU
		{92F560A2-845C-4345-8941-ED9C4107EEBF}.Debug|Any CPU.ActiveCfg = Debug|Any CPU
		{92F560A2-845C-4345-8941-ED9C4107EEBF}.Debug|Any CPU.Build.0 = Debug|Any CPU
		{92F560A2-845C-4345-8941-ED9C4107EEBF}.Debug|x64.ActiveCfg = Debug|Any CPU
		{92F560A2-845C-4345-8941-ED9C4107EEBF}.Debug|x64.Build.0 = Debug|Any CPU
		{92F560A2-845C-4345-8941-ED9C4107EEBF}.Debug|x86.ActiveCfg = Debug|Any CPU
		{92F560A2-845C-4345-8941-ED9C4107EEBF}.Debug|x86.Build.0 = Debug|Any CPU
		{92F560A2-845C-4345-8941-ED9C4107EEBF}.Release|Any CPU.ActiveCfg = Release|Any CPU
		{92F560A2-845C-4345-8941-ED9C4107EEBF}.Release|Any CPU.Build.0 = Release|Any CPU
		{92F560A2-845C-4345-8941-ED9C4107EEBF}.Release|x64.ActiveCfg = Release|Any CPU
		{92F560A2-845C-4345-8941-ED9C4107EEBF}.Release|x64.Build.0 = Release|Any CPU
		{92F560A2-845C-4345-8941-ED9C4107EEBF}.Release|x86.ActiveCfg = Release|Any CPU
		{92F560A2-845C-4345-8941-ED9C4107EEBF}.Release|x86.Build.0 = Release|Any CPU
		{C4742F17-32D5-4EA4-A665-B2C0E5074018}.Debug|Any CPU.ActiveCfg = Debug|Any CPU
		{C4742F17-32D5-4EA4-A665-B2C0E5074018}.Debug|Any CPU.Build.0 = Debug|Any CPU
		{C4742F17-32D5-4EA4-A665-B2C0E5074018}.Debug|x64.ActiveCfg = Debug|Any CPU
		{C4742F17-32D5-4EA4-A665-B2C0E5074018}.Debug|x64.Build.0 = Debug|Any CPU
		{C4742F17-32D5-4EA4-A665-B2C0E5074018}.Debug|x86.ActiveCfg = Debug|Any CPU
		{C4742F17-32D5-4EA4-A665-B2C0E5074018}.Debug|x86.Build.0 = Debug|Any CPU
		{C4742F17-32D5-4EA4-A665-B2C0E5074018}.Release|Any CPU.ActiveCfg = Release|Any CPU
		{C4742F17-32D5-4EA4-A665-B2C0E5074018}.Release|Any CPU.Build.0 = Release|Any CPU
		{C4742F17-32D5-4EA4-A665-B2C0E5074018}.Release|x64.ActiveCfg = Release|Any CPU
		{C4742F17-32D5-4EA4-A665-B2C0E5074018}.Release|x64.Build.0 = Release|Any CPU
		{C4742F17-32D5-4EA4-A665-B2C0E5074018}.Release|x86.ActiveCfg = Release|Any CPU
		{C4742F17-32D5-4EA4-A665-B2C0E5074018}.Release|x86.Build.0 = Release|Any CPU
		{D68BFBD3-C090-48BF-B73E-104B65AB2081}.Debug|Any CPU.ActiveCfg = Debug|Any CPU
		{D68BFBD3-C090-48BF-B73E-104B65AB2081}.Debug|Any CPU.Build.0 = Debug|Any CPU
		{D68BFBD3-C090-48BF-B73E-104B65AB2081}.Debug|x64.ActiveCfg = Debug|Any CPU
		{D68BFBD3-C090-48BF-B73E-104B65AB2081}.Debug|x64.Build.0 = Debug|Any CPU
		{D68BFBD3-C090-48BF-B73E-104B65AB2081}.Debug|x86.ActiveCfg = Debug|Any CPU
		{D68BFBD3-C090-48BF-B73E-104B65AB2081}.Debug|x86.Build.0 = Debug|Any CPU
		{D68BFBD3-C090-48BF-B73E-104B65AB2081}.Release|Any CPU.ActiveCfg = Release|Any CPU
		{D68BFBD3-C090-48BF-B73E-104B65AB2081}.Release|Any CPU.Build.0 = Release|Any CPU
		{D68BFBD3-C090-48BF-B73E-104B65AB2081}.Release|x64.ActiveCfg = Release|Any CPU
		{D68BFBD3-C090-48BF-B73E-104B65AB2081}.Release|x64.Build.0 = Release|Any CPU
		{D68BFBD3-C090-48BF-B73E-104B65AB2081}.Release|x86.ActiveCfg = Release|Any CPU
		{D68BFBD3-C090-48BF-B73E-104B65AB2081}.Release|x86.Build.0 = Release|Any CPU
		{0AE6985D-D77A-46AE-86CF-79138FF08553}.Debug|Any CPU.ActiveCfg = Debug|Any CPU
		{0AE6985D-D77A-46AE-86CF-79138FF08553}.Debug|Any CPU.Build.0 = Debug|Any CPU
		{0AE6985D-D77A-46AE-86CF-79138FF08553}.Debug|x64.ActiveCfg = Debug|Any CPU
		{0AE6985D-D77A-46AE-86CF-79138FF08553}.Debug|x64.Build.0 = Debug|Any CPU
		{0AE6985D-D77A-46AE-86CF-79138FF08553}.Debug|x86.ActiveCfg = Debug|Any CPU
		{0AE6985D-D77A-46AE-86CF-79138FF08553}.Debug|x86.Build.0 = Debug|Any CPU
		{0AE6985D-D77A-46AE-86CF-79138FF08553}.Release|Any CPU.ActiveCfg = Release|Any CPU
		{0AE6985D-D77A-46AE-86CF-79138FF08553}.Release|Any CPU.Build.0 = Release|Any CPU
		{0AE6985D-D77A-46AE-86CF-79138FF08553}.Release|x64.ActiveCfg = Release|Any CPU
		{0AE6985D-D77A-46AE-86CF-79138FF08553}.Release|x64.Build.0 = Release|Any CPU
		{0AE6985D-D77A-46AE-86CF-79138FF08553}.Release|x86.ActiveCfg = Release|Any CPU
		{0AE6985D-D77A-46AE-86CF-79138FF08553}.Release|x86.Build.0 = Release|Any CPU
		{A6C7F22E-5A98-411D-9862-437A02B91059}.Debug|Any CPU.ActiveCfg = Debug|Any CPU
		{A6C7F22E-5A98-411D-9862-437A02B91059}.Debug|Any CPU.Build.0 = Debug|Any CPU
		{A6C7F22E-5A98-411D-9862-437A02B91059}.Debug|x64.ActiveCfg = Debug|Any CPU
		{A6C7F22E-5A98-411D-9862-437A02B91059}.Debug|x64.Build.0 = Debug|Any CPU
		{A6C7F22E-5A98-411D-9862-437A02B91059}.Debug|x86.ActiveCfg = Debug|Any CPU
		{A6C7F22E-5A98-411D-9862-437A02B91059}.Debug|x86.Build.0 = Debug|Any CPU
		{A6C7F22E-5A98-411D-9862-437A02B91059}.Release|Any CPU.ActiveCfg = Release|Any CPU
		{A6C7F22E-5A98-411D-9862-437A02B91059}.Release|Any CPU.Build.0 = Release|Any CPU
		{A6C7F22E-5A98-411D-9862-437A02B91059}.Release|x64.ActiveCfg = Release|Any CPU
		{A6C7F22E-5A98-411D-9862-437A02B91059}.Release|x64.Build.0 = Release|Any CPU
		{A6C7F22E-5A98-411D-9862-437A02B91059}.Release|x86.ActiveCfg = Release|Any CPU
		{A6C7F22E-5A98-411D-9862-437A02B91059}.Release|x86.Build.0 = Release|Any CPU
		{E962A031-2BD2-4310-9C7A-04F611E0D195}.Debug|Any CPU.ActiveCfg = Debug|Any CPU
		{E962A031-2BD2-4310-9C7A-04F611E0D195}.Debug|Any CPU.Build.0 = Debug|Any CPU
		{E962A031-2BD2-4310-9C7A-04F611E0D195}.Debug|x64.ActiveCfg = Debug|Any CPU
		{E962A031-2BD2-4310-9C7A-04F611E0D195}.Debug|x64.Build.0 = Debug|Any CPU
		{E962A031-2BD2-4310-9C7A-04F611E0D195}.Debug|x86.ActiveCfg = Debug|Any CPU
		{E962A031-2BD2-4310-9C7A-04F611E0D195}.Debug|x86.Build.0 = Debug|Any CPU
		{E962A031-2BD2-4310-9C7A-04F611E0D195}.Release|Any CPU.ActiveCfg = Release|Any CPU
		{E962A031-2BD2-4310-9C7A-04F611E0D195}.Release|Any CPU.Build.0 = Release|Any CPU
		{E962A031-2BD2-4310-9C7A-04F611E0D195}.Release|x64.ActiveCfg = Release|Any CPU
		{E962A031-2BD2-4310-9C7A-04F611E0D195}.Release|x64.Build.0 = Release|Any CPU
		{E962A031-2BD2-4310-9C7A-04F611E0D195}.Release|x86.ActiveCfg = Release|Any CPU
		{E962A031-2BD2-4310-9C7A-04F611E0D195}.Release|x86.Build.0 = Release|Any CPU
		{78DE1B41-0213-49AB-B4A5-C2B54AF86D18}.Debug|Any CPU.ActiveCfg = Debug|Any CPU
		{78DE1B41-0213-49AB-B4A5-C2B54AF86D18}.Debug|Any CPU.Build.0 = Debug|Any CPU
		{78DE1B41-0213-49AB-B4A5-C2B54AF86D18}.Debug|x64.ActiveCfg = Debug|Any CPU
		{78DE1B41-0213-49AB-B4A5-C2B54AF86D18}.Debug|x64.Build.0 = Debug|Any CPU
		{78DE1B41-0213-49AB-B4A5-C2B54AF86D18}.Debug|x86.ActiveCfg = Debug|Any CPU
		{78DE1B41-0213-49AB-B4A5-C2B54AF86D18}.Debug|x86.Build.0 = Debug|Any CPU
		{78DE1B41-0213-49AB-B4A5-C2B54AF86D18}.Release|Any CPU.ActiveCfg = Release|Any CPU
		{78DE1B41-0213-49AB-B4A5-C2B54AF86D18}.Release|Any CPU.Build.0 = Release|Any CPU
		{78DE1B41-0213-49AB-B4A5-C2B54AF86D18}.Release|x64.ActiveCfg = Release|Any CPU
		{78DE1B41-0213-49AB-B4A5-C2B54AF86D18}.Release|x64.Build.0 = Release|Any CPU
		{78DE1B41-0213-49AB-B4A5-C2B54AF86D18}.Release|x86.ActiveCfg = Release|Any CPU
		{78DE1B41-0213-49AB-B4A5-C2B54AF86D18}.Release|x86.Build.0 = Release|Any CPU
		{37C7B37B-C034-4029-8E7B-00BCAD0458E2}.Debug|Any CPU.ActiveCfg = Debug|Any CPU
		{37C7B37B-C034-4029-8E7B-00BCAD0458E2}.Debug|Any CPU.Build.0 = Debug|Any CPU
		{37C7B37B-C034-4029-8E7B-00BCAD0458E2}.Debug|x64.ActiveCfg = Debug|Any CPU
		{37C7B37B-C034-4029-8E7B-00BCAD0458E2}.Debug|x64.Build.0 = Debug|Any CPU
		{37C7B37B-C034-4029-8E7B-00BCAD0458E2}.Debug|x86.ActiveCfg = Debug|Any CPU
		{37C7B37B-C034-4029-8E7B-00BCAD0458E2}.Debug|x86.Build.0 = Debug|Any CPU
		{37C7B37B-C034-4029-8E7B-00BCAD0458E2}.Release|Any CPU.ActiveCfg = Release|Any CPU
		{37C7B37B-C034-4029-8E7B-00BCAD0458E2}.Release|Any CPU.Build.0 = Release|Any CPU
		{37C7B37B-C034-4029-8E7B-00BCAD0458E2}.Release|x64.ActiveCfg = Release|Any CPU
		{37C7B37B-C034-4029-8E7B-00BCAD0458E2}.Release|x64.Build.0 = Release|Any CPU
		{37C7B37B-C034-4029-8E7B-00BCAD0458E2}.Release|x86.ActiveCfg = Release|Any CPU
		{37C7B37B-C034-4029-8E7B-00BCAD0458E2}.Release|x86.Build.0 = Release|Any CPU
		{38118C7F-8086-4AB3-B6A1-898E1A87F332}.Debug|Any CPU.ActiveCfg = Debug|Any CPU
		{38118C7F-8086-4AB3-B6A1-898E1A87F332}.Debug|Any CPU.Build.0 = Debug|Any CPU
		{38118C7F-8086-4AB3-B6A1-898E1A87F332}.Debug|x64.ActiveCfg = Debug|Any CPU
		{38118C7F-8086-4AB3-B6A1-898E1A87F332}.Debug|x64.Build.0 = Debug|Any CPU
		{38118C7F-8086-4AB3-B6A1-898E1A87F332}.Debug|x86.ActiveCfg = Debug|Any CPU
		{38118C7F-8086-4AB3-B6A1-898E1A87F332}.Debug|x86.Build.0 = Debug|Any CPU
		{38118C7F-8086-4AB3-B6A1-898E1A87F332}.Release|Any CPU.ActiveCfg = Release|Any CPU
		{38118C7F-8086-4AB3-B6A1-898E1A87F332}.Release|Any CPU.Build.0 = Release|Any CPU
		{38118C7F-8086-4AB3-B6A1-898E1A87F332}.Release|x64.ActiveCfg = Release|Any CPU
		{38118C7F-8086-4AB3-B6A1-898E1A87F332}.Release|x64.Build.0 = Release|Any CPU
		{38118C7F-8086-4AB3-B6A1-898E1A87F332}.Release|x86.ActiveCfg = Release|Any CPU
		{38118C7F-8086-4AB3-B6A1-898E1A87F332}.Release|x86.Build.0 = Release|Any CPU
		{56F85C06-0122-4AA9-BBD2-EB6DD713AC97}.Debug|Any CPU.ActiveCfg = Debug|Any CPU
		{56F85C06-0122-4AA9-BBD2-EB6DD713AC97}.Debug|Any CPU.Build.0 = Debug|Any CPU
		{56F85C06-0122-4AA9-BBD2-EB6DD713AC97}.Debug|x64.ActiveCfg = Debug|Any CPU
		{56F85C06-0122-4AA9-BBD2-EB6DD713AC97}.Debug|x64.Build.0 = Debug|Any CPU
		{56F85C06-0122-4AA9-BBD2-EB6DD713AC97}.Debug|x86.ActiveCfg = Debug|Any CPU
		{56F85C06-0122-4AA9-BBD2-EB6DD713AC97}.Debug|x86.Build.0 = Debug|Any CPU
		{56F85C06-0122-4AA9-BBD2-EB6DD713AC97}.Release|Any CPU.ActiveCfg = Release|Any CPU
		{56F85C06-0122-4AA9-BBD2-EB6DD713AC97}.Release|Any CPU.Build.0 = Release|Any CPU
		{56F85C06-0122-4AA9-BBD2-EB6DD713AC97}.Release|x64.ActiveCfg = Release|Any CPU
		{56F85C06-0122-4AA9-BBD2-EB6DD713AC97}.Release|x64.Build.0 = Release|Any CPU
		{56F85C06-0122-4AA9-BBD2-EB6DD713AC97}.Release|x86.ActiveCfg = Release|Any CPU
		{56F85C06-0122-4AA9-BBD2-EB6DD713AC97}.Release|x86.Build.0 = Release|Any CPU
		{699C7961-6D9E-4AFA-B584-9069D557E30A}.Debug|Any CPU.ActiveCfg = Debug|Any CPU
		{699C7961-6D9E-4AFA-B584-9069D557E30A}.Debug|Any CPU.Build.0 = Debug|Any CPU
		{699C7961-6D9E-4AFA-B584-9069D557E30A}.Debug|x64.ActiveCfg = Debug|Any CPU
		{699C7961-6D9E-4AFA-B584-9069D557E30A}.Debug|x64.Build.0 = Debug|Any CPU
		{699C7961-6D9E-4AFA-B584-9069D557E30A}.Debug|x86.ActiveCfg = Debug|Any CPU
		{699C7961-6D9E-4AFA-B584-9069D557E30A}.Debug|x86.Build.0 = Debug|Any CPU
		{699C7961-6D9E-4AFA-B584-9069D557E30A}.Release|Any CPU.ActiveCfg = Release|Any CPU
		{699C7961-6D9E-4AFA-B584-9069D557E30A}.Release|Any CPU.Build.0 = Release|Any CPU
		{699C7961-6D9E-4AFA-B584-9069D557E30A}.Release|x64.ActiveCfg = Release|Any CPU
		{699C7961-6D9E-4AFA-B584-9069D557E30A}.Release|x64.Build.0 = Release|Any CPU
		{699C7961-6D9E-4AFA-B584-9069D557E30A}.Release|x86.ActiveCfg = Release|Any CPU
		{699C7961-6D9E-4AFA-B584-9069D557E30A}.Release|x86.Build.0 = Release|Any CPU
		{1CE8502E-1F94-4BCD-B379-A3C88A7696A0}.Debug|Any CPU.ActiveCfg = Debug|Any CPU
		{1CE8502E-1F94-4BCD-B379-A3C88A7696A0}.Debug|Any CPU.Build.0 = Debug|Any CPU
		{1CE8502E-1F94-4BCD-B379-A3C88A7696A0}.Debug|x64.ActiveCfg = Debug|Any CPU
		{1CE8502E-1F94-4BCD-B379-A3C88A7696A0}.Debug|x64.Build.0 = Debug|Any CPU
		{1CE8502E-1F94-4BCD-B379-A3C88A7696A0}.Debug|x86.ActiveCfg = Debug|Any CPU
		{1CE8502E-1F94-4BCD-B379-A3C88A7696A0}.Debug|x86.Build.0 = Debug|Any CPU
		{1CE8502E-1F94-4BCD-B379-A3C88A7696A0}.Release|Any CPU.ActiveCfg = Release|Any CPU
		{1CE8502E-1F94-4BCD-B379-A3C88A7696A0}.Release|Any CPU.Build.0 = Release|Any CPU
		{1CE8502E-1F94-4BCD-B379-A3C88A7696A0}.Release|x64.ActiveCfg = Release|Any CPU
		{1CE8502E-1F94-4BCD-B379-A3C88A7696A0}.Release|x64.Build.0 = Release|Any CPU
		{1CE8502E-1F94-4BCD-B379-A3C88A7696A0}.Release|x86.ActiveCfg = Release|Any CPU
		{1CE8502E-1F94-4BCD-B379-A3C88A7696A0}.Release|x86.Build.0 = Release|Any CPU
		{20DFA3C2-2469-4D35-AA9E-DEC893AC0469}.Debug|Any CPU.ActiveCfg = Debug|Any CPU
		{20DFA3C2-2469-4D35-AA9E-DEC893AC0469}.Debug|Any CPU.Build.0 = Debug|Any CPU
		{20DFA3C2-2469-4D35-AA9E-DEC893AC0469}.Debug|x64.ActiveCfg = Debug|Any CPU
		{20DFA3C2-2469-4D35-AA9E-DEC893AC0469}.Debug|x64.Build.0 = Debug|Any CPU
		{20DFA3C2-2469-4D35-AA9E-DEC893AC0469}.Debug|x86.ActiveCfg = Debug|Any CPU
		{20DFA3C2-2469-4D35-AA9E-DEC893AC0469}.Debug|x86.Build.0 = Debug|Any CPU
		{20DFA3C2-2469-4D35-AA9E-DEC893AC0469}.Release|Any CPU.ActiveCfg = Release|Any CPU
		{20DFA3C2-2469-4D35-AA9E-DEC893AC0469}.Release|Any CPU.Build.0 = Release|Any CPU
		{20DFA3C2-2469-4D35-AA9E-DEC893AC0469}.Release|x64.ActiveCfg = Release|Any CPU
		{20DFA3C2-2469-4D35-AA9E-DEC893AC0469}.Release|x64.Build.0 = Release|Any CPU
		{20DFA3C2-2469-4D35-AA9E-DEC893AC0469}.Release|x86.ActiveCfg = Release|Any CPU
		{20DFA3C2-2469-4D35-AA9E-DEC893AC0469}.Release|x86.Build.0 = Release|Any CPU
		{77471299-BB46-4408-A651-B00247B1EC72}.Debug|Any CPU.ActiveCfg = Debug|Any CPU
		{77471299-BB46-4408-A651-B00247B1EC72}.Debug|Any CPU.Build.0 = Debug|Any CPU
		{77471299-BB46-4408-A651-B00247B1EC72}.Debug|x64.ActiveCfg = Debug|Any CPU
		{77471299-BB46-4408-A651-B00247B1EC72}.Debug|x64.Build.0 = Debug|Any CPU
		{77471299-BB46-4408-A651-B00247B1EC72}.Debug|x86.ActiveCfg = Debug|Any CPU
		{77471299-BB46-4408-A651-B00247B1EC72}.Debug|x86.Build.0 = Debug|Any CPU
		{77471299-BB46-4408-A651-B00247B1EC72}.Release|Any CPU.ActiveCfg = Release|Any CPU
		{77471299-BB46-4408-A651-B00247B1EC72}.Release|Any CPU.Build.0 = Release|Any CPU
		{77471299-BB46-4408-A651-B00247B1EC72}.Release|x64.ActiveCfg = Release|Any CPU
		{77471299-BB46-4408-A651-B00247B1EC72}.Release|x64.Build.0 = Release|Any CPU
		{77471299-BB46-4408-A651-B00247B1EC72}.Release|x86.ActiveCfg = Release|Any CPU
		{77471299-BB46-4408-A651-B00247B1EC72}.Release|x86.Build.0 = Release|Any CPU
		{8122E1D0-461E-47B1-BF6A-00DE7468A2E1}.Debug|Any CPU.ActiveCfg = Debug|Any CPU
		{8122E1D0-461E-47B1-BF6A-00DE7468A2E1}.Debug|Any CPU.Build.0 = Debug|Any CPU
		{8122E1D0-461E-47B1-BF6A-00DE7468A2E1}.Debug|x64.ActiveCfg = Debug|Any CPU
		{8122E1D0-461E-47B1-BF6A-00DE7468A2E1}.Debug|x64.Build.0 = Debug|Any CPU
		{8122E1D0-461E-47B1-BF6A-00DE7468A2E1}.Debug|x86.ActiveCfg = Debug|Any CPU
		{8122E1D0-461E-47B1-BF6A-00DE7468A2E1}.Debug|x86.Build.0 = Debug|Any CPU
		{8122E1D0-461E-47B1-BF6A-00DE7468A2E1}.Release|Any CPU.ActiveCfg = Release|Any CPU
		{8122E1D0-461E-47B1-BF6A-00DE7468A2E1}.Release|Any CPU.Build.0 = Release|Any CPU
		{8122E1D0-461E-47B1-BF6A-00DE7468A2E1}.Release|x64.ActiveCfg = Release|Any CPU
		{8122E1D0-461E-47B1-BF6A-00DE7468A2E1}.Release|x64.Build.0 = Release|Any CPU
		{8122E1D0-461E-47B1-BF6A-00DE7468A2E1}.Release|x86.ActiveCfg = Release|Any CPU
		{8122E1D0-461E-47B1-BF6A-00DE7468A2E1}.Release|x86.Build.0 = Release|Any CPU
		{6EA83836-A9FC-4FCB-963C-D98DFE72F6C0}.Debug|Any CPU.ActiveCfg = Debug|Any CPU
		{6EA83836-A9FC-4FCB-963C-D98DFE72F6C0}.Debug|Any CPU.Build.0 = Debug|Any CPU
		{6EA83836-A9FC-4FCB-963C-D98DFE72F6C0}.Debug|x64.ActiveCfg = Debug|Any CPU
		{6EA83836-A9FC-4FCB-963C-D98DFE72F6C0}.Debug|x64.Build.0 = Debug|Any CPU
		{6EA83836-A9FC-4FCB-963C-D98DFE72F6C0}.Debug|x86.ActiveCfg = Debug|Any CPU
		{6EA83836-A9FC-4FCB-963C-D98DFE72F6C0}.Debug|x86.Build.0 = Debug|Any CPU
		{6EA83836-A9FC-4FCB-963C-D98DFE72F6C0}.Release|Any CPU.ActiveCfg = Release|Any CPU
		{6EA83836-A9FC-4FCB-963C-D98DFE72F6C0}.Release|Any CPU.Build.0 = Release|Any CPU
		{6EA83836-A9FC-4FCB-963C-D98DFE72F6C0}.Release|x64.ActiveCfg = Release|Any CPU
		{6EA83836-A9FC-4FCB-963C-D98DFE72F6C0}.Release|x64.Build.0 = Release|Any CPU
		{6EA83836-A9FC-4FCB-963C-D98DFE72F6C0}.Release|x86.ActiveCfg = Release|Any CPU
		{6EA83836-A9FC-4FCB-963C-D98DFE72F6C0}.Release|x86.Build.0 = Release|Any CPU
	EndGlobalSection
	GlobalSection(SolutionProperties) = preSolution
		HideSolutionNode = FALSE
	EndGlobalSection
	GlobalSection(NestedProjects) = preSolution
		{A7EB368B-4650-41C8-986F-B4ADB688D10E} = {827E0CD3-B72D-47B6-A68D-7590B98EB39B}
		{9B1DFFBD-E87F-466D-9EE2-85E1673A3949} = {0AB3BF05-4346-4AA6-1389-037BE0695223}
		{63825E65-DDDA-4695-BCEF-BDA93B6C817C} = {827E0CD3-B72D-47B6-A68D-7590B98EB39B}
		{AB947502-15C1-4672-843D-4B0BA5F6917B} = {827E0CD3-B72D-47B6-A68D-7590B98EB39B}
		{036951F3-9BE7-4D36-A740-FF24C1860123} = {827E0CD3-B72D-47B6-A68D-7590B98EB39B}
		{4446A210-EE41-49AD-875E-F7503AE7795A} = {0AB3BF05-4346-4AA6-1389-037BE0695223}
		{6B2548B6-913E-4CB6-A544-4FA19DEA1DB7} = {827E0CD3-B72D-47B6-A68D-7590B98EB39B}
		{95C9EB08-2028-4716-9CE8-6E61F0DBF65A} = {0AB3BF05-4346-4AA6-1389-037BE0695223}
		{EA94693A-261A-4051-9012-F0875C46A0E8} = {827E0CD3-B72D-47B6-A68D-7590B98EB39B}
		{58973F34-9FFA-467B-A2A7-E0C7E17972B2} = {0AB3BF05-4346-4AA6-1389-037BE0695223}
		{B42EED53-C299-4478-989C-C7D28056D915} = {827E0CD3-B72D-47B6-A68D-7590B98EB39B}
		{92F560A2-845C-4345-8941-ED9C4107EEBF} = {827E0CD3-B72D-47B6-A68D-7590B98EB39B}
		{C4742F17-32D5-4EA4-A665-B2C0E5074018} = {827E0CD3-B72D-47B6-A68D-7590B98EB39B}
		{D68BFBD3-C090-48BF-B73E-104B65AB2081} = {0AB3BF05-4346-4AA6-1389-037BE0695223}
		{0AE6985D-D77A-46AE-86CF-79138FF08553} = {827E0CD3-B72D-47B6-A68D-7590B98EB39B}
		{A6C7F22E-5A98-411D-9862-437A02B91059} = {0AB3BF05-4346-4AA6-1389-037BE0695223}
		{E962A031-2BD2-4310-9C7A-04F611E0D195} = {827E0CD3-B72D-47B6-A68D-7590B98EB39B}
		{78DE1B41-0213-49AB-B4A5-C2B54AF86D18} = {0AB3BF05-4346-4AA6-1389-037BE0695223}
		{37C7B37B-C034-4029-8E7B-00BCAD0458E2} = {827E0CD3-B72D-47B6-A68D-7590B98EB39B}
		{38118C7F-8086-4AB3-B6A1-898E1A87F332} = {0AB3BF05-4346-4AA6-1389-037BE0695223}
		{56F85C06-0122-4AA9-BBD2-EB6DD713AC97} = {827E0CD3-B72D-47B6-A68D-7590B98EB39B}
		{699C7961-6D9E-4AFA-B584-9069D557E30A} = {0AB3BF05-4346-4AA6-1389-037BE0695223}
		{1CE8502E-1F94-4BCD-B379-A3C88A7696A0} = {827E0CD3-B72D-47B6-A68D-7590B98EB39B}
		{20DFA3C2-2469-4D35-AA9E-DEC893AC0469} = {0AB3BF05-4346-4AA6-1389-037BE0695223}
		{77471299-BB46-4408-A651-B00247B1EC72} = {827E0CD3-B72D-47B6-A68D-7590B98EB39B}
		{8122E1D0-461E-47B1-BF6A-00DE7468A2E1} = {0AB3BF05-4346-4AA6-1389-037BE0695223}
		{6EA83836-A9FC-4FCB-963C-D98DFE72F6C0} = {0AB3BF05-4346-4AA6-1389-037BE0695223}
	EndGlobalSection
EndGlobal
